
Microsoft Visual Studio Solution File, Format Version 12.00
# Visual Studio Version 17
VisualStudioVersion = 17.5.002.0
MinimumVisualStudioVersion = 10.0.40219.1
Project("{9A19103F-16F7-4668-BE54-9A1E7A4F7556}") = "my-blazor-website", "my-blazor-website.csproj", "{B6B7981E-3C0B-48C6-8DA4-C184C1ACF0B2}"
EndProject
Global
	GlobalSection(SolutionConfigurationPlatforms) = preSolution
		Debug|Any CPU = Debug|Any CPU
		Release|Any CPU = Release|Any CPU
	EndGlobalSection
	GlobalSection(ProjectConfigurationPlatforms) = postSolution
		{B6B7981E-3C0B-48C6-8DA4-C184C1ACF0B2}.Debug|Any CPU.ActiveCfg = Debug|Any CPU
		{B6B7981E-3C0B-48C6-8DA4-C184C1ACF0B2}.Debug|Any CPU.Build.0 = Debug|Any CPU
		{B6B7981E-3C0B-48C6-8DA4-C184C1ACF0B2}.Release|Any CPU.ActiveCfg = Release|Any CPU
		{B6B7981E-3C0B-48C6-8DA4-C184C1ACF0B2}.Release|Any CPU.Build.0 = Release|Any CPU
	EndGlobalSection
	GlobalSection(SolutionProperties) = preSolution
		HideSolutionNode = FALSE
	EndGlobalSection
	GlobalSection(ExtensibilityGlobals) = postSolution
		SolutionGuid = {514D4C91-92EC-4DAD-83D8-68515E684790}
	EndGlobalSection
EndGlobal
